
Microsoft Visual Studio Solution File, Format Version 12.00
# Visual Studio Version 17
VisualStudioVersion = 17.3.32901.215
MinimumVisualStudioVersion = 10.0.40219.1
Project("{FAE04EC0-301F-11D3-BF4B-00C04F79EFBC}") = "BiitSocioApis", "BiitSocioApis\BiitSocioApis.csproj", "{1B7463F0-8DDF-4852-84BC-0E36947F3735}"
EndProject
Global
	GlobalSection(SolutionConfigurationPlatforms) = preSolution
		Debug|Any CPU = Debug|Any CPU
		Release|Any CPU = Release|Any CPU
	EndGlobalSection
	GlobalSection(ProjectConfigurationPlatforms) = postSolution
		{1B7463F0-8DDF-4852-84BC-0E36947F3735}.Debug|Any CPU.ActiveCfg = Debug|Any CPU
		{1B7463F0-8DDF-4852-84BC-0E36947F3735}.Debug|Any CPU.Build.0 = Debug|Any CPU
		{1B7463F0-8DDF-4852-84BC-0E36947F3735}.Release|Any CPU.ActiveCfg = Release|Any CPU
		{1B7463F0-8DDF-4852-84BC-0E36947F3735}.Release|Any CPU.Build.0 = Release|Any CPU
	EndGlobalSection
	GlobalSection(SolutionProperties) = preSolution
		HideSolutionNode = FALSE
	EndGlobalSection
	GlobalSection(ExtensibilityGlobals) = postSolution
		SolutionGuid = {40405123-0255-4DCB-A2FD-EC5585CA2F66}
	EndGlobalSection
EndGlobal
